
Microsoft Visual Studio Solution File, Format Version 12.00
# Visual Studio Version 16
VisualStudioVersion = 16.0.29230.47
MinimumVisualStudioVersion = 10.0.40219.1
Project("{888888A0-9F3D-457C-B088-3A5042F75D52}") = "rfc-eval", "rfc-eval\rfc-eval.pyproj", "{6313712D-4CAC-4785-8039-84B1573BBEE1}"
EndProject
Global
	GlobalSection(SolutionConfigurationPlatforms) = preSolution
		Debug|Any CPU = Debug|Any CPU
		Release|Any CPU = Release|Any CPU
	EndGlobalSection
	GlobalSection(ProjectConfigurationPlatforms) = postSolution
		{6313712D-4CAC-4785-8039-84B1573BBEE1}.Debug|Any CPU.ActiveCfg = Debug|Any CPU
		{6313712D-4CAC-4785-8039-84B1573BBEE1}.Release|Any CPU.ActiveCfg = Release|Any CPU
	EndGlobalSection
	GlobalSection(SolutionProperties) = preSolution
		HideSolutionNode = FALSE
	EndGlobalSection
	GlobalSection(ExtensibilityGlobals) = postSolution
		SolutionGuid = {CD2A2C8E-18A3-484D-AFA0-12FD300F51AA}
	EndGlobalSection
EndGlobal
